{
  "name": "payout-bot",
  "version": "1.0.0",
  "lockfileVersion": 1,
  "requires": true,
  "dependencies": {
    "@types/bson": {
      "version": "1.0.6",
      "resolved": "https://registry.npmjs.org/@types/bson/-/bson-1.0.6.tgz",
      "integrity": "sha512-v7N8qcTGiYhLRyi+Y69R3tPC4GLqByCg3NC2EO6PciC166O9dNhjFPoXeMePtZ+0f+/O2xLDWXs5BLnRfcBaBA==",
      "dev": true,
      "requires": {
        "@types/node": "9.4.6"
      }
    },
    "@types/events": {
      "version": "1.1.0",
      "resolved": "https://registry.npmjs.org/@types/events/-/events-1.1.0.tgz",
      "integrity": "sha512-y3bR98mzYOo0pAZuiLari+cQyiKk3UXRuT45h1RjhfeCzqkjaVsfZJNaxdgtk7/3tzOm1ozLTqEqMP3VbI48jw==",
      "dev": true
    },
    "@types/luxon": {
      "version": "0.2.5",
      "resolved": "https://registry.npmjs.org/@types/luxon/-/luxon-0.2.5.tgz",
      "integrity": "sha512-9a8zuMYgOPTqUNwR8nzXTsVxUE6Ih8IT5GWYBpdqjZwlSRf8sOFlXtJBp5d9ai9NOYdXDsltiKLaFL5DbXM6mg==",
      "dev": true
    },
    "@types/mongodb": {
      "version": "3.0.5",
      "resolved": "https://registry.npmjs.org/@types/mongodb/-/mongodb-3.0.5.tgz",
      "integrity": "sha512-tjWtVn9b8l9MXbhps7Jte1BpC3AmiTW2WXIQfO3SvCiZnisOOVck3fen/r4XnXRTw4JRen/hQmHokG0v58tiJg==",
      "dev": true,
      "requires": {
        "@types/bson": "1.0.6",
        "@types/events": "1.1.0",
        "@types/node": "9.4.6"
      }
    },
    "@types/node": {
      "version": "9.4.6",
      "resolved": "https://registry.npmjs.org/@types/node/-/node-9.4.6.tgz",
      "integrity": "sha512-CTUtLb6WqCCgp6P59QintjHWqzf4VL1uPA27bipLAPxFqrtK1gEYllePzTICGqQ8rYsCbpnsNypXjjDzGAAjEQ==",
      "dev": true
    },
    "async-limiter": {
      "version": "1.0.0",
      "resolved": "https://registry.npmjs.org/async-limiter/-/async-limiter-1.0.0.tgz",
      "integrity": "sha512-jp/uFnooOiO+L211eZOoSyzpOITMXx1rBITauYykG3BRYPu8h0UcxsPNB04RR5vo4Tyz3+ay17tR6JVf9qzYWg=="
    },
    "bson": {
      "version": "1.0.4",
      "resolved": "https://registry.npmjs.org/bson/-/bson-1.0.4.tgz",
      "integrity": "sha1-k8ENOeqltYQVy8QFLz5T5WKwtyw="
    },
    "discord.js": {
      "version": "11.3.0",
      "resolved": "https://registry.npmjs.org/discord.js/-/discord.js-11.3.0.tgz",
      "integrity": "sha512-xM3ydvb4urHjCP3N+Mgpw53a7ZGtmPwllwVgwPqdF2SHNPvTDr4So/+55VVx76s5eO9IMrOWpczsEuIr0/MAgQ==",
      "requires": {
        "long": "3.2.0",
        "prism-media": "0.0.1",
        "snekfetch": "3.6.4",
        "tweetnacl": "1.0.0",
        "ws": "4.1.0"
      }
    },
    "inherits": {
      "version": "2.0.1",
      "resolved": "https://registry.npmjs.org/inherits/-/inherits-2.0.1.tgz",
      "integrity": "sha1-sX0I0ya0Qj5Wjv9xn5GwscvfafE=",
      "dev": true
    },
    "long": {
      "version": "3.2.0",
      "resolved": "https://registry.npmjs.org/long/-/long-3.2.0.tgz",
      "integrity": "sha1-2CG3E4yhy1gcFymQ7xTbIAtcR0s="
    },
    "luxon": {
      "version": "0.5.3",
      "resolved": "https://registry.npmjs.org/luxon/-/luxon-0.5.3.tgz",
      "integrity": "sha512-b5EDZPYIY3Nj4+KjSzd1dDYJK63D2PcaI5Mjd3EicAScsnWF5gW+c0RNB7AzPO2CXxRa4dfGot0GnwpnK4Zp6w=="
    },
    "mongodb": {
      "version": "3.0.2",
      "resolved": "https://registry.npmjs.org/mongodb/-/mongodb-3.0.2.tgz",
      "integrity": "sha512-E50FmpSQchZAimn2uPIegoNoH9UQYR1yiGHtQPmmg8/Ekc97w6owHoqaBoz+assnd9V5LxMzmQ/VEWMsQMgZhQ==",
      "requires": {
        "mongodb-core": "3.0.2"
      }
    },
    "mongodb-core": {
      "version": "3.0.2",
      "resolved": "https://registry.npmjs.org/mongodb-core/-/mongodb-core-3.0.2.tgz",
      "integrity": "sha512-p1B0qwFQUw6C1OlFJnrOJp8KaX7MuGoogRbTaupRt0y+pPRkMllHWtE9V6i1CDtTvI3/3sy2sQwqWez7zuXEAA==",
      "requires": {
        "bson": "1.0.4",
        "require_optional": "1.0.1"
      }
    },
    "prism-media": {
      "version": "0.0.1",
      "resolved": "https://registry.npmjs.org/prism-media/-/prism-media-0.0.1.tgz",
      "integrity": "sha1-o0JcnKvVDRxsAuVDlBoRiVZnvRA="
    },
    "require_optional": {
      "version": "1.0.1",
      "resolved": "https://registry.npmjs.org/require_optional/-/require_optional-1.0.1.tgz",
      "integrity": "sha512-qhM/y57enGWHAe3v/NcwML6a3/vfESLe/sGM2dII+gEO0BpKRUkWZow/tyloNqJyN6kXSl3RyyM8Ll5D/sJP8g==",
      "requires": {
        "resolve-from": "2.0.0",
        "semver": "5.5.0"
      }
    },
    "resolve-from": {
      "version": "2.0.0",
      "resolved": "https://registry.npmjs.org/resolve-from/-/resolve-from-2.0.0.tgz",
      "integrity": "sha1-lICrIOlP+h2egKgEx+oUdhGWa1c="
    },
    "rxjs": {
      "version": "5.5.6",
      "resolved": "https://registry.npmjs.org/rxjs/-/rxjs-5.5.6.tgz",
      "integrity": "sha512-v4Q5HDC0FHAQ7zcBX7T2IL6O5ltl1a2GX4ENjPXg6SjDY69Cmx9v4113C99a4wGF16ClPv5Z8mghuYorVkg/kg==",
      "requires": {
        "symbol-observable": "1.0.1"
      }
    },
    "safe-buffer": {
      "version": "5.1.1",
      "resolved": "https://registry.npmjs.org/safe-buffer/-/safe-buffer-5.1.1.tgz",
      "integrity": "sha512-kKvNJn6Mm93gAczWVJg7wH+wGYWNrDHdWvpUmHyEsgCtIwwo3bqPtV4tR5tuPaUhTOo/kvhVwd8XwwOllGYkbg=="
    },
    "semver": {
      "version": "5.5.0",
      "resolved": "https://registry.npmjs.org/semver/-/semver-5.5.0.tgz",
      "integrity": "sha512-4SJ3dm0WAwWy/NVeioZh5AntkdJoWKxHxcmyP622fOkgHa4z3R0TdBJICINyaSDE6uNwVc8gZr+ZinwZAH4xIA=="
    },
    "snekfetch": {
      "version": "3.6.4",
      "resolved": "https://registry.npmjs.org/snekfetch/-/snekfetch-3.6.4.tgz",
      "integrity": "sha512-NjxjITIj04Ffqid5lqr7XdgwM7X61c/Dns073Ly170bPQHLm6jkmelye/eglS++1nfTWktpP6Y2bFXjdPlQqdw=="
    },
    "symbol-observable": {
      "version": "1.0.1",
      "resolved": "https://registry.npmjs.org/symbol-observable/-/symbol-observable-1.0.1.tgz",
      "integrity": "sha1-g0D8RwLDEi310iKI+IKD9RPT/dQ="
    },
    "tweetnacl": {
      "version": "1.0.0",
      "resolved": "https://registry.npmjs.org/tweetnacl/-/tweetnacl-1.0.0.tgz",
      "integrity": "sha1-cT2LgY2kIGh0C/aDhtBHnmb8ins="
    },
    "util": {
      "version": "0.10.3",
      "resolved": "https://registry.npmjs.org/util/-/util-0.10.3.tgz",
      "integrity": "sha1-evsa/lCAUkZInj23/g7TeTNqwPk=",
      "dev": true,
      "requires": {
        "inherits": "2.0.1"
      }
    },
    "ws": {
      "version": "4.1.0",
      "resolved": "https://registry.npmjs.org/ws/-/ws-4.1.0.tgz",
      "integrity": "sha512-ZGh/8kF9rrRNffkLFV4AzhvooEclrOH0xaugmqGsIfFgOE/pIz4fMc4Ef+5HSQqTEug2S9JZIWDR47duDSLfaA==",
      "requires": {
        "async-limiter": "1.0.0",
        "safe-buffer": "5.1.1"
      }
    }
  }
}
